{
  "version": 4,
  "terraform_version": "1.8.3",
  "serial": 12,
  "lineage": "e42f6013-82bb-04fc-d017-b59f1b9b642b",
  "outputs": {},
  "resources": [
    {
      "module": "module.example-module-count",
      "mode": "managed",
      "type": "newrelic_one_dashboard",
      "name": "exampledash",
      "provider": "module.example-module-count.provider[\"registry.terraform.io/newrelic/newrelic\"]",
      "instances": [
        {
          "index_key": 0,
          "schema_version": 0,
          "attributes": {
            "account_id": 4364133,
            "description": null,
            "guid": "NDM2NDEzM3xWSVp8REFTSEJPQVJEfGRhOjU5ODMxMjk",
            "id": "NDM2NDEzM3xWSVp8REFTSEJPQVJEfGRhOjU5ODMxMjk",
            "name": "Module-C Dashboard 1",
            "page": [
              {
                "description": "",
                "guid": "NDM2NDEzM3xWSVp8REFTSEJPQVJEfDE3MzQ4NTE1",
                "name": "New Relic Terraform Dashboard",
                "widget_area": [],
                "widget_bar": [],
                "widget_billboard": [
                  {
                    "colors": [],
                    "column": 1,
                    "critical": "",
                    "facet_show_other_series": false,
                    "height": 6,
                    "id": "245390605",
                    "ignore_time_range": false,
                    "legend_enabled": true,
                    "nrql_query": [
                      {
                        "account_id": 4364133,
                        "query": "FROM Transaction SELECT rate(count(*), 1 minute)"
                      }
                    ],
                    "null_values": [],
                    "row": 1,
                    "title": "Requests per minute",
                    "units": [],
                    "warning": "",
                    "width": 4,
                    "y_axis_left_max": 0,
                    "y_axis_left_min": 0
                  }
                ],
                "widget_bullet": [],
                "widget_funnel": [],
                "widget_heatmap": [],
                "widget_histogram": [],
                "widget_json": [],
                "widget_line": [],
                "widget_log_table": [],
                "widget_markdown": [],
                "widget_pie": [],
                "widget_stacked_bar": [],
                "widget_table": []
              }
            ],
            "permalink": "https://one.newrelic.com/redirect/entity/NDM2NDEzM3xWSVp8REFTSEJPQVJEfGRhOjU5ODMxMjk",
            "permissions": "public_read_only",
            "variable": []
          },
          "sensitive_attributes": [],
          "private": "bnVsbA=="
        },
        {
          "index_key": 1,
          "schema_version": 0,
          "attributes": {
            "account_id": 4364133,
            "description": null,
            "guid": "NDM2NDEzM3xWSVp8REFTSEJPQVJEfGRhOjU5ODMxMzA",
            "id": "NDM2NDEzM3xWSVp8REFTSEJPQVJEfGRhOjU5ODMxMzA",
            "name": "Module-C Dashboard 2",
            "page": [
              {
                "description": "",
                "guid": "NDM2NDEzM3xWSVp8REFTSEJPQVJEfDE3MzQ4NTE0",
                "name": "New Relic Terraform Dashboard",
                "widget_area": [],
                "widget_bar": [],
                "widget_billboard": [
                  {
                    "colors": [],
                    "column": 1,
                    "critical": "",
                    "facet_show_other_series": false,
                    "height": 6,
                    "id": "245390604",
                    "ignore_time_range": false,
                    "legend_enabled": true,
                    "nrql_query": [
                      {
                        "account_id": 4364133,
                        "query": "FROM Transaction SELECT rate(count(*), 1 minute)"
                      }
                    ],
                    "null_values": [],
                    "row": 1,
                    "title": "Requests per minute",
                    "units": [],
                    "warning": "",
                    "width": 4,
                    "y_axis_left_max": 0,
                    "y_axis_left_min": 0
                  }
                ],
                "widget_bullet": [],
                "widget_funnel": [],
                "widget_heatmap": [],
                "widget_histogram": [],
                "widget_json": [],
                "widget_line": [],
                "widget_log_table": [],
                "widget_markdown": [],
                "widget_pie": [],
                "widget_stacked_bar": [],
                "widget_table": []
              }
            ],
            "permalink": "https://one.newrelic.com/redirect/entity/NDM2NDEzM3xWSVp8REFTSEJPQVJEfGRhOjU5ODMxMzA",
            "permissions": "public_read_only",
            "variable": []
          },
          "sensitive_attributes": [],
          "private": "bnVsbA=="
        }
      ]
    },
    {
      "module": "module.example-module-foreach",
      "mode": "managed",
      "type": "newrelic_one_dashboard",
      "name": "exampledashfe",
      "provider": "module.example-module-foreach.provider[\"registry.terraform.io/newrelic/newrelic\"]",
      "instances": [
        {
          "index_key": "dashboard1",
          "schema_version": 0,
          "attributes": {
            "account_id": 4364133,
            "description": null,
            "guid": "NDM2NDEzM3xWSVp8REFTSEJPQVJEfGRhOjU5ODMxMjg",
            "id": "NDM2NDEzM3xWSVp8REFTSEJPQVJEfGRhOjU5ODMxMjg",
            "name": "Module-FE Dashboard 1",
            "page": [
              {
                "description": "",
                "guid": "NDM2NDEzM3xWSVp8REFTSEJPQVJEfDE3MzQ4NTEz",
                "name": "New Relic Terraform Dashboard",
                "widget_area": [],
                "widget_bar": [],
                "widget_billboard": [
                  {
                    "colors": [],
                    "column": 1,
                    "critical": "",
                    "facet_show_other_series": false,
                    "height": 6,
                    "id": "245390603",
                    "ignore_time_range": false,
                    "legend_enabled": true,
                    "nrql_query": [
                      {
                        "account_id": 4364133,
                        "query": "FROM Transaction SELECT rate(count(*), 1 minute)"
                      }
                    ],
                    "null_values": [],
                    "row": 1,
                    "title": "Requests per minute",
                    "units": [],
                    "warning": "",
                    "width": 4,
                    "y_axis_left_max": 0,
                    "y_axis_left_min": 0
                  }
                ],
                "widget_bullet": [],
                "widget_funnel": [],
                "widget_heatmap": [],
                "widget_histogram": [],
                "widget_json": [],
                "widget_line": [],
                "widget_log_table": [],
                "widget_markdown": [],
                "widget_pie": [],
                "widget_stacked_bar": [],
                "widget_table": []
              }
            ],
            "permalink": "https://one.newrelic.com/redirect/entity/NDM2NDEzM3xWSVp8REFTSEJPQVJEfGRhOjU5ODMxMjg",
            "permissions": "public_read_only",
            "variable": []
          },
          "sensitive_attributes": [],
          "private": "bnVsbA=="
        },
        {
          "index_key": "dashboard2",
          "schema_version": 0,
          "attributes": {
            "account_id": 4364133,
            "description": null,
            "guid": "NDM2NDEzM3xWSVp8REFTSEJPQVJEfGRhOjU5ODMxODI",
            "id": "NDM2NDEzM3xWSVp8REFTSEJPQVJEfGRhOjU5ODMxODI",
            "name": "Module-FE Dashboard 2",
            "page": [
              {
                "description": "",
                "guid": "NDM2NDEzM3xWSVp8REFTSEJPQVJEfDE3MzQ4NjY1",
                "name": "New Relic Terraform Dashboard",
                "widget_area": [],
                "widget_bar": [],
                "widget_billboard": [
                  {
                    "colors": [],
                    "column": 1,
                    "critical": "",
                    "facet_show_other_series": false,
                    "height": 6,
                    "id": "245392395",
                    "ignore_time_range": false,
                    "legend_enabled": true,
                    "nrql_query": [
                      {
                        "account_id": 4364133,
                        "query": "FROM Transaction SELECT rate(count(*), 1 minute)"
                      }
                    ],
                    "null_values": [],
                    "row": 1,
                    "title": "Requests per minute",
                    "units": [],
                    "warning": "",
                    "width": 4,
                    "y_axis_left_max": 0,
                    "y_axis_left_min": 0
                  }
                ],
                "widget_bullet": [],
                "widget_funnel": [],
                "widget_heatmap": [],
                "widget_histogram": [],
                "widget_json": [],
                "widget_line": [],
                "widget_log_table": [],
                "widget_markdown": [],
                "widget_pie": [],
                "widget_stacked_bar": [],
                "widget_table": []
              }
            ],
            "permalink": "https://one.newrelic.com/redirect/entity/NDM2NDEzM3xWSVp8REFTSEJPQVJEfGRhOjU5ODMxODI",
            "permissions": "public_read_only",
            "variable": []
          },
          "sensitive_attributes": [],
          "private": "bnVsbA=="
        }
      ]
    }
  ],
  "check_results": null
}
